
Microsoft Visual Studio Solution File, Format Version 12.00
# Visual Studio 15
Project("{FAE04EC0-301F-11D3-BF4B-00C04F79EFBC}") = "Assembly-CSharp", "Assembly-CSharp.csproj", "{B1E8A174-F7AF-2BFF-85C8-631582286302}"
EndProject
Project("{FAE04EC0-301F-11D3-BF4B-00C04F79EFBC}") = "NavMeshComponents", "NavMeshComponents.csproj", "{D2C11BC2-743B-A0DB-8926-7ABE1D19071E}"
EndProject
Project("{FAE04EC0-301F-11D3-BF4B-00C04F79EFBC}") = "NavMeshComponentsEditor", "NavMeshComponentsEditor.csproj", "{98F81632-05A3-A57F-BF36-9E03108B58BA}"
EndProject
Project("{FAE04EC0-301F-11D3-BF4B-00C04F79EFBC}") = "Assembly-CSharp-Editor", "Assembly-CSharp-Editor.csproj", "{5F0BC9F5-B27C-1576-5B95-A526355AF63D}"
EndProject
Global
	GlobalSection(SolutionConfigurationPlatforms) = preSolution
		Debug|Any CPU = Debug|Any CPU
		Release|Any CPU = Release|Any CPU
	EndGlobalSection
	GlobalSection(ProjectConfigurationPlatforms) = postSolution
		{B1E8A174-F7AF-2BFF-85C8-631582286302}.Debug|Any CPU.ActiveCfg = Debug|Any CPU
		{B1E8A174-F7AF-2BFF-85C8-631582286302}.Debug|Any CPU.Build.0 = Debug|Any CPU
		{B1E8A174-F7AF-2BFF-85C8-631582286302}.Release|Any CPU.ActiveCfg = Release|Any CPU
		{B1E8A174-F7AF-2BFF-85C8-631582286302}.Release|Any CPU.Build.0 = Release|Any CPU
		{D2C11BC2-743B-A0DB-8926-7ABE1D19071E}.Debug|Any CPU.ActiveCfg = Debug|Any CPU
		{D2C11BC2-743B-A0DB-8926-7ABE1D19071E}.Debug|Any CPU.Build.0 = Debug|Any CPU
		{D2C11BC2-743B-A0DB-8926-7ABE1D19071E}.Release|Any CPU.ActiveCfg = Release|Any CPU
		{D2C11BC2-743B-A0DB-8926-7ABE1D19071E}.Release|Any CPU.Build.0 = Release|Any CPU
		{98F81632-05A3-A57F-BF36-9E03108B58BA}.Debug|Any CPU.ActiveCfg = Debug|Any CPU
		{98F81632-05A3-A57F-BF36-9E03108B58BA}.Debug|Any CPU.Build.0 = Debug|Any CPU
		{98F81632-05A3-A57F-BF36-9E03108B58BA}.Release|Any CPU.ActiveCfg = Release|Any CPU
		{98F81632-05A3-A57F-BF36-9E03108B58BA}.Release|Any CPU.Build.0 = Release|Any CPU
		{5F0BC9F5-B27C-1576-5B95-A526355AF63D}.Debug|Any CPU.ActiveCfg = Debug|Any CPU
		{5F0BC9F5-B27C-1576-5B95-A526355AF63D}.Debug|Any CPU.Build.0 = Debug|Any CPU
		{5F0BC9F5-B27C-1576-5B95-A526355AF63D}.Release|Any CPU.ActiveCfg = Release|Any CPU
		{5F0BC9F5-B27C-1576-5B95-A526355AF63D}.Release|Any CPU.Build.0 = Release|Any CPU
	EndGlobalSection
	GlobalSection(SolutionProperties) = preSolution
		HideSolutionNode = FALSE
	EndGlobalSection
EndGlobal
